
Microsoft Visual Studio Solution File, Format Version 12.00
# Visual Studio Version 17
VisualStudioVersion = 17.11.35208.52
MinimumVisualStudioVersion = 10.0.40219.1
Project("{FAE04EC0-301F-11D3-BF4B-00C04F79EFBC}") = "ANIMALS", "ANIMALS\ANIMALS.csproj", "{B288FAC9-813E-49A7-8E60-BE4550658D56}"
EndProject
Global
	GlobalSection(SolutionConfigurationPlatforms) = preSolution
		Debug|Any CPU = Debug|Any CPU
		Release|Any CPU = Release|Any CPU
	EndGlobalSection
	GlobalSection(ProjectConfigurationPlatforms) = postSolution
		{B288FAC9-813E-49A7-8E60-BE4550658D56}.Debug|Any CPU.ActiveCfg = Debug|Any CPU
		{B288FAC9-813E-49A7-8E60-BE4550658D56}.Debug|Any CPU.Build.0 = Debug|Any CPU
		{B288FAC9-813E-49A7-8E60-BE4550658D56}.Release|Any CPU.ActiveCfg = Release|Any CPU
		{B288FAC9-813E-49A7-8E60-BE4550658D56}.Release|Any CPU.Build.0 = Release|Any CPU
	EndGlobalSection
	GlobalSection(SolutionProperties) = preSolution
		HideSolutionNode = FALSE
	EndGlobalSection
	GlobalSection(ExtensibilityGlobals) = postSolution
		SolutionGuid = {6FD9B0D6-F14C-4B90-91E3-F32E63F1C77D}
	EndGlobalSection
EndGlobal
